
Microsoft Visual Studio Solution File, Format Version 12.00
# Visual Studio Version 17
VisualStudioVersion = 17.0.32014.148
MinimumVisualStudioVersion = 10.0.40219.1
Project("{FAE04EC0-301F-11D3-BF4B-00C04F79EFBC}") = "算法设计2", "算法设计2\算法设计2.csproj", "{8BB9A866-8D4A-4FB7-AFD1-FAE85D4002E4}"
EndProject
Global
	GlobalSection(SolutionConfigurationPlatforms) = preSolution
		Debug|Any CPU = Debug|Any CPU
		Release|Any CPU = Release|Any CPU
	EndGlobalSection
	GlobalSection(ProjectConfigurationPlatforms) = postSolution
		{8BB9A866-8D4A-4FB7-AFD1-FAE85D4002E4}.Debug|Any CPU.ActiveCfg = Debug|Any CPU
		{8BB9A866-8D4A-4FB7-AFD1-FAE85D4002E4}.Debug|Any CPU.Build.0 = Debug|Any CPU
		{8BB9A866-8D4A-4FB7-AFD1-FAE85D4002E4}.Release|Any CPU.ActiveCfg = Release|Any CPU
		{8BB9A866-8D4A-4FB7-AFD1-FAE85D4002E4}.Release|Any CPU.Build.0 = Release|Any CPU
	EndGlobalSection
	GlobalSection(SolutionProperties) = preSolution
		HideSolutionNode = FALSE
	EndGlobalSection
	GlobalSection(ExtensibilityGlobals) = postSolution
		SolutionGuid = {0F6E2F2D-18D0-4274-ABC8-FC5C69271E6C}
	EndGlobalSection
EndGlobal
